<?xml version="1.0" encoding="utf-8"?>
<Project ToolsVersion="4.0" xmlns="http://schemas.microsoft.com/developer/msbuild/2003">
  <ItemGroup>
    <Filter Include="Resource Files">
      <UniqueIdentifier>{67DA6AB6-F800-4c08-8B7A-83BB121AAD01}</UniqueIdentifier>
      <Extensions>qrc;rc;ico;cur;bmp;dlg;rc2;rct;bin;rgs;gif;jpg;jpeg;jpe;resx;tiff;tif;png;wav;mfcribbon-ms</Extensions>
    </Filter>
    <Filter Include="core">
      <UniqueIdentifier>{1C0B8D1F-6F7D-4D65-B7E6-7F1D0D1CFA0A}</UniqueIdentifier>
    </Filter>
    <Filter Include="controllers">
      <UniqueIdentifier>{4C5AD050-5C91-44F9-9D7B-6B9D2D4D310E}</UniqueIdentifier>
    </Filter>
    <Filter Include="ui">
      <UniqueIdentifier>{6D5A7D60-9C7F-4E9E-B2B1-AD5F5E24D8BA}</UniqueIdentifier>
    </Filter>
    <Filter Include="renderers">
      <UniqueIdentifier>{A2D9F7D2-AD6A-4D1E-9E1F-52176B67DC2B}</UniqueIdentifier>
    </Filter>
    <Filter Include="generation">
      <UniqueIdentifier>{0F9D2056-2406-4B45-9EDE-5A8E2F3B2FBC}</UniqueIdentifier>
    </Filter>
    <Filter Include="generation\MeshGenerators">
      <UniqueIdentifier>{ACF2E18C-1BF3-4D0A-9D89-2DD1D0E80F2B}</UniqueIdentifier>
    </Filter>
    <Filter Include="model">
      <UniqueIdentifier>{CB7F9A11-ED4F-4E1C-9A69-9D8C0D6C7E22}</UniqueIdentifier>
    </Filter>
    <Filter Include="resources">
      <UniqueIdentifier>{4B660D4E-5C18-468F-AC33-DC0A5C641125}</UniqueIdentifier>
    </Filter>
    <Filter Include="tools">
      <UniqueIdentifier>{A1D8B7BA-57E7-4D5E-B099-1E4A1CDBB361}</UniqueIdentifier>
    </Filter>
    <Filter Include="tools\converters">
      <UniqueIdentifier>{99bd33bc-903b-468c-91e6-ce15f19cd9e9}</UniqueIdentifier>
    </Filter>
    <Filter Include="ECS">
      <UniqueIdentifier>{0e25f6f5-2a9f-4f6f-9e05-0e7c1b9e8d42}</UniqueIdentifier>
    </Filter>
    <Filter Include="scene">
      <UniqueIdentifier>{4f6fe7fd-5d6b-44ac-bd33-3b2397333bc8}</UniqueIdentifier>
    </Filter>
    <Filter Include="docs">
      <UniqueIdentifier>{abf60fe6-6894-4c35-80cc-3ec33692449e}</UniqueIdentifier>
    </Filter>
    <Filter Include="tests">
      <UniqueIdentifier>{66922ee6-bff0-415e-996a-f4b02002e8e4}</UniqueIdentifier>
    </Filter>
  </ItemGroup>
  <ItemGroup>
    <QtRcc Include="resources\Planet.qrc">
      <Filter>Resource Files</Filter>
    </QtRcc>
  </ItemGroup>
  <ItemGroup>
    <ClCompile Include="core\main.cpp">
      <Filter>core</Filter>
    </ClCompile>
    <ClCompile Include="controllers\CameraController.cpp">
      <Filter>controllers</Filter>
    </ClCompile>
    <ClCompile Include="controllers\HexSphereSceneController.cpp">
      <Filter>controllers</Filter>
    </ClCompile>
    <ClCompile Include="controllers\InputController.cpp">
      <Filter>controllers</Filter>
    </ClCompile>
    <ClCompile Include="controllers\PathBuilder.cpp">
      <Filter>controllers</Filter>
    </ClCompile>
    <ClCompile Include="generation\ClimateBiomeGenerator.cpp">
      <Filter>generation</Filter>
    </ClCompile>
    <ClCompile Include="generation\PerlinNoise.cpp">
      <Filter>generation</Filter>
    </ClCompile>
    <ClCompile Include="generation\TerrainGenerator.cpp">
      <Filter>generation</Filter>
    </ClCompile>
    <ClCompile Include="generation\MeshGenerators\SelectionOutlineGenerator.cpp">
      <Filter>generation\MeshGenerators</Filter>
    </ClCompile>
    <ClCompile Include="generation\MeshGenerators\TerrainMeshGenerator.cpp">
      <Filter>generation\MeshGenerators</Filter>
    </ClCompile>
    <ClCompile Include="generation\MeshGenerators\WaterMeshGenerator.cpp">
      <Filter>generation\MeshGenerators</Filter>
    </ClCompile>
    <ClCompile Include="generation\MeshGenerators\WireMeshGenerator.cpp">
      <Filter>generation\MeshGenerators</Filter>
    </ClCompile>
    <ClCompile Include="model\HexSphereModel.cpp">
      <Filter>model</Filter>
    </ClCompile>
    <ClCompile Include="model\ModelHandler.cpp">
      <Filter>model</Filter>
    </ClCompile>
    <ClCompile Include="renderers\EntityRenderer.cpp">
      <Filter>renderers</Filter>
    </ClCompile>
    <ClCompile Include="renderers\HexSphereRenderer.cpp">
      <Filter>renderers</Filter>
    </ClCompile>
    <ClCompile Include="renderers\TerrainRenderer.cpp">
      <Filter>renderers</Filter>
    </ClCompile>
    <ClCompile Include="renderers\TerrainTessellator.cpp">
      <Filter>renderers</Filter>
    </ClCompile>
    <ClCompile Include="renderers\WaterRenderer.cpp">
      <Filter>renderers</Filter>
    </ClCompile>
    <ClCompile Include="ui\HexSphereWidget.cpp">
      <Filter>ui</Filter>
    </ClCompile>
    <ClCompile Include="ui\MainWindow.cpp">
      <Filter>ui</Filter>
    </ClCompile>
    <ClCompile Include="ui\OverlayRenderer.cpp">
      <Filter>ui</Filter>
    </ClCompile>
    <ClCompile Include="ui\PerformanceStats.cpp">
      <Filter>ui</Filter>
    </ClCompile>
    <ClCompile Include="ui\PlanetSettingsPanel.cpp">
      <Filter>ui</Filter>
    </ClCompile>
    <ClCompile Include="ECS\ComponentStorage.cpp">
      <Filter>ECS</Filter>
    </ClCompile>
    <ClCompile Include="scene\Entity.cpp">
      <Filter>scene</Filter>
    </ClCompile>
    <ClCompile Include="scene\SceneGraph.cpp">
      <Filter>scene</Filter>
    </ClCompile>
    <ClCompile Include="tools\converters\DataAdapters.cpp">
      <Filter>tools\converters</Filter>
    </ClCompile>
    <ClCompile Include="tools\model_cache_test.cpp">
      <Filter>tools</Filter>
    </ClCompile>
    <ClCompile Include="OreSystem.cpp" />
    <ClCompile Include="core\EngineFacade.cpp">
      <Filter>core</Filter>
    </ClCompile>
    <ClCompile Include="core\PlanetCore.cpp">
      <Filter>core</Filter>
    </ClCompile>
  </ItemGroup>
  <ItemGroup>
    <ClInclude Include="controllers\CameraController.h">
      <Filter>controllers</Filter>
    </ClInclude>
    <ClInclude Include="controllers\HexSphereSceneController.h">
      <Filter>controllers</Filter>
    </ClInclude>
    <ClInclude Include="controllers\InputController.h">
      <Filter>controllers</Filter>
    </ClInclude>
    <ClInclude Include="controllers\PathBuilder.h">
      <Filter>controllers</Filter>
    </ClInclude>
    <ClInclude Include="generation\ClimateBiomeGenerator.h">
      <Filter>generation</Filter>
    </ClInclude>
    <ClInclude Include="generation\PerlinNoise.h">
      <Filter>generation</Filter>
    </ClInclude>
    <ClInclude Include="generation\TerrainGenerator.h">
      <Filter>generation</Filter>
    </ClInclude>
    <ClInclude Include="generation\MeshGenerators\SelectionOutlineGenerator.h">
      <Filter>generation\MeshGenerators</Filter>
    </ClInclude>
    <ClInclude Include="generation\MeshGenerators\TerrainMeshGenerator.h">
      <Filter>generation\MeshGenerators</Filter>
    </ClInclude>
    <ClInclude Include="generation\MeshGenerators\WaterMeshGenerator.h">
      <Filter>generation\MeshGenerators</Filter>
    </ClInclude>
    <ClInclude Include="generation\MeshGenerators\WireMeshGenerator.h">
      <Filter>generation\MeshGenerators</Filter>
    </ClInclude>
    <ClInclude Include="model\DebugModel.h">
      <Filter>model</Filter>
    </ClInclude>
    <ClInclude Include="model\HexSphereModel.h">
      <Filter>model</Filter>
    </ClInclude>
    <ClInclude Include="model\ModelHandler.h">
      <Filter>model</Filter>
    </ClInclude>
    <ClInclude Include="model\SceneEntity.h">
      <Filter>model</Filter>
    </ClInclude>
    <ClInclude Include="model\SurfacePlacement.h">
      <Filter>model</Filter>
    </ClInclude>
    <ClInclude Include="model\simple3d_parser.hpp">
      <Filter>model</Filter>
    </ClInclude>
    <ClInclude Include="renderers\EntityRenderer.h">
      <Filter>renderers</Filter>
    </ClInclude>
    <ClInclude Include="renderers\HexSphereRenderer.h">
      <Filter>renderers</Filter>
    </ClInclude>
    <ClInclude Include="renderers\TerrainRenderer.h">
      <Filter>renderers</Filter>
    </ClInclude>
    <ClInclude Include="renderers\TerrainTessellator.h">
      <Filter>renderers</Filter>
    </ClInclude>
    <ClInclude Include="renderers\WaterRenderer.h">
      <Filter>renderers</Filter>
    </ClInclude>
    <ClInclude Include="ui\HexSphereWidget.h">
      <Filter>ui</Filter>
    </ClInclude>
    <ClInclude Include="ui\MainWindow.h">
      <Filter>ui</Filter>
    </ClInclude>
    <ClInclude Include="ui\OverlayRenderer.h">
      <Filter>ui</Filter>
    </ClInclude>
    <ClInclude Include="ui\PerformanceStats.h">
      <Filter>ui</Filter>
    </ClInclude>
    <ClInclude Include="ui\PlanetSettingsPanel.h">
      <Filter>ui</Filter>
    </ClInclude>
    <ClInclude Include="ECS\Collider.h">
      <Filter>ECS</Filter>
    </ClInclude>
    <ClInclude Include="ECS\ComponentStorage.h">
      <Filter>ECS</Filter>
    </ClInclude>
    <ClInclude Include="ECS\Entity.h">
      <Filter>ECS</Filter>
    </ClInclude>
    <ClInclude Include="ECS\Material.h">
      <Filter>ECS</Filter>
    </ClInclude>
    <ClInclude Include="ECS\Mesh.h">
      <Filter>ECS</Filter>
    </ClInclude>
    <ClInclude Include="ECS\Script.h">
      <Filter>ECS</Filter>
    </ClInclude>
    <ClInclude Include="ECS\Transform.h">
      <Filter>ECS</Filter>
    </ClInclude>
    <ClInclude Include="scene\Entity.h">
      <Filter>scene</Filter>
    </ClInclude>
    <ClInclude Include="scene\Interaction.h">
      <Filter>scene</Filter>
    </ClInclude>
    <ClInclude Include="scene\SceneGraph.h">
      <Filter>scene</Filter>
    </ClInclude>
    <ClInclude Include="scene\Transform.h">
      <Filter>scene</Filter>
    </ClInclude>
    <ClInclude Include="tools\converters\DataAdapters.h">
      <Filter>tools\converters</Filter>
    </ClInclude>
    <ClInclude Include="OreSystem.h" />
    <ClInclude Include="core\DebugOverlay.h">
      <Filter>core</Filter>
    </ClInclude>
    <ClInclude Include="core\EngineFacade.h">
      <Filter>core</Filter>
    </ClInclude>
    <ClInclude Include="core\PlanetCore.h">
      <Filter>core</Filter>
    </ClInclude>
    <ClInclude Include="core\UiCommands.h">
      <Filter>core</Filter>
    </ClInclude>
    <ClInclude Include="core\WorkOrder.h">
      <Filter>core</Filter>
    </ClInclude>
  </ItemGroup>
  <ItemGroup>
    <None Include="resources\HexSphereWidget_shaders.h">
      <Filter>resources</Filter>
    </None>
    <None Include="docs\rendering_refactor_task.md">
      <Filter>docs</Filter>
    </None>
  </ItemGroup>
  <ItemGroup>
    <QtMoc Include="ui\HexSphereWidget.h" />
    <QtMoc Include="ui\MainWindow.h" />
    <QtMoc Include="ui\PlanetSettingsPanel.h" />
  </ItemGroup>
</Project>