<?xml version="1.0" encoding="utf-8"?>
<Project ToolsVersion="4.0" xmlns="http://schemas.microsoft.com/developer/msbuild/2003">
  <ItemGroup>
    <Filter Include="Resource Files">
      <UniqueIdentifier>{67DA6AB6-F800-4c08-8B7A-83BB121AAD01}</UniqueIdentifier>
      <Extensions>qrc;rc;ico;cur;bmp;dlg;rc2;rct;bin;rgs;gif;jpg;jpeg;jpe;resx;tiff;tif;png;wav;mfcribbon-ms</Extensions>
    </Filter>
    <Filter Include="Form Files">
      <UniqueIdentifier>{99349809-55BA-4b9d-BF79-8FDBB0286EB3}</UniqueIdentifier>
      <Extensions>ui</Extensions>
    </Filter>
    <Filter Include="Translation Files">
      <UniqueIdentifier>{639EADAA-A684-42e4-A9AD-28FC9BCB8F7C}</UniqueIdentifier>
      <Extensions>ts</Extensions>
    </Filter>
    <Filter Include="Source">
      <UniqueIdentifier>{0604cdd4-764e-447e-9dd3-1b948e92f0f7}</UniqueIdentifier>
    </Filter>
    <Filter Include="Headers">
      <UniqueIdentifier>{e519f0d8-cf8b-4688-88b7-cb2a229656bd}</UniqueIdentifier>
    </Filter>
    <Filter Include="converters">
      <UniqueIdentifier>{99bd33bc-903b-468c-91e6-ce15f19cd9e9}</UniqueIdentifier>
    </Filter>
    <Filter Include="scene">
      <UniqueIdentifier>{4f6fe7fd-5d6b-44ac-bd33-3b2397333bc8}</UniqueIdentifier>
    </Filter>
    <Filter Include="tests">
      <UniqueIdentifier>{66922ee6-bff0-415e-996a-f4b02002e8e4}</UniqueIdentifier>
    </Filter>
  </ItemGroup>
  <ItemGroup>
    <QtRcc Include="Planet.qrc">
      <Filter>Resource Files</Filter>
    </QtRcc>
  </ItemGroup>
  <ItemGroup>
    <ClCompile Include="scene\Entity.cpp">
      <Filter>Planet\scene\Source Files</Filter>
    </ClCompile>
    <ClCompile Include="scene\SceneGraph.cpp">
      <Filter>Planet\scene\Source Files</Filter>
    </ClCompile>
    <ClCompile Include="ClimateBiomeGenerator.cpp">
      <Filter>Source</Filter>
    </ClCompile>
    <ClCompile Include="HexSphereModel.cpp">
      <Filter>Source</Filter>
    </ClCompile>
    <ClCompile Include="HexSphereWidget.cpp">
      <Filter>Source</Filter>
    </ClCompile>
    <ClCompile Include="main.cpp">
      <Filter>Source</Filter>
    </ClCompile>
    <ClCompile Include="MainWindow.cpp">
      <Filter>Source</Filter>
    </ClCompile>
    <ClCompile Include="model_cache_test.cpp">
      <Filter>Source</Filter>
    </ClCompile>
    <ClCompile Include="ModelHandler.cpp">
      <Filter>Source</Filter>
    </ClCompile>
    <ClCompile Include="PathBuilder.cpp">
      <Filter>Source</Filter>
    </ClCompile>
    <ClCompile Include="PerformanceStats.cpp">
      <Filter>Source</Filter>
    </ClCompile>
    <ClCompile Include="PerlinNoise.cpp">
      <Filter>Source</Filter>
    </ClCompile>
    <ClCompile Include="PlanetSettingsPanel.cpp">
      <Filter>Source</Filter>
    </ClCompile>
    <ClCompile Include="SceneGraph.cpp">
      <Filter>Source</Filter>
    </ClCompile>
    <ClCompile Include="TerrainGenerator.cpp">
      <Filter>Source</Filter>
    </ClCompile>
    <ClCompile Include="TerrainTessellator.cpp">
      <Filter>Source</Filter>
    </ClCompile>
    <ClCompile Include="converters\DataAdapters.cpp">
      <Filter>converters</Filter>
    </ClCompile>
    <ClCompile Include="scene\Entity.cpp">
      <Filter>scene</Filter>
    </ClCompile>
    <ClCompile Include="scene\SceneGraph.cpp">
      <Filter>scene</Filter>
    </ClCompile>
    <ClCompile Include="tests\scene_integration.cpp">
      <Filter>tests</Filter>
    </ClCompile>
  </ItemGroup>
  <ItemGroup>
    <ClInclude Include="SceneGraph.h">
      <Filter>Planet\Header Files</Filter>
    </ClInclude>
    <QtMoc Include="MainWindow.h">
      <Filter>Planet\Header Files</Filter>
    </QtMoc>
    <QtMoc Include="HexSphereWidget.h">
      <Filter>Planet\Header Files</Filter>
    </QtMoc>
    <QtMoc Include="PlanetSettingsPanel.h">
      <Filter>Planet\Header Files</Filter>
    </QtMoc>
    <ClInclude Include="ClimateBiomeGenerator.h">
      <Filter>Headers</Filter>
    </ClInclude>
    <ClInclude Include="DebugModel.h">
      <Filter>Headers</Filter>
    </ClInclude>
    <ClInclude Include="HexSphereModel.h">
      <Filter>Headers</Filter>
    </ClInclude>
    <ClInclude Include="HexSphereWidget.h">
      <Filter>Headers</Filter>
    </ClInclude>
    <ClInclude Include="MainWindow.h">
      <Filter>Headers</Filter>
    </ClInclude>
    <ClInclude Include="ModelHandler.h">
      <Filter>Headers</Filter>
    </ClInclude>
    <ClInclude Include="PathBuilder.h">
      <Filter>Headers</Filter>
    </ClInclude>
    <ClInclude Include="PerformanceStats.h">
      <Filter>Headers</Filter>
    </ClInclude>
    <ClInclude Include="PerlinNoise.h">
      <Filter>Headers</Filter>
    </ClInclude>
    <ClInclude Include="PlanetSettingsPanel.h">
      <Filter>Headers</Filter>
    </ClInclude>
    <ClInclude Include="SceneEntity.h">
      <Filter>Headers</Filter>
    </ClInclude>
    <ClInclude Include="SceneGraph.h">
      <Filter>Headers</Filter>
    </ClInclude>
    <ClInclude Include="simple3d_parser.hpp">
      <Filter>Headers</Filter>
    </ClInclude>
    <ClInclude Include="TerrainGenerator.h">
      <Filter>Headers</Filter>
    </ClInclude>
    <ClInclude Include="TerrainTessellator.h">
      <Filter>Headers</Filter>
    </ClInclude>
    <ClInclude Include="scene\Entity.h">
      <Filter>scene</Filter>
    </ClInclude>
    <ClInclude Include="scene\Interaction.h">
      <Filter>scene</Filter>
    </ClInclude>
    <ClInclude Include="scene\SceneGraph.h">
      <Filter>scene</Filter>
    </ClInclude>
    <ClInclude Include="scene\Transform.h">
      <Filter>scene</Filter>
    </ClInclude>
    <ClInclude Include="converters\DataAdapters.h">
      <Filter>converters</Filter>
    </ClInclude>
  </ItemGroup>
</Project>