<?xml version="1.0" encoding="utf-8"?>
<Project ToolsVersion="4.0" xmlns="http://schemas.microsoft.com/developer/msbuild/2003">
  <ItemGroup>
    <Filter Include="Resource Files">
      <UniqueIdentifier>{67DA6AB6-F800-4c08-8B7A-83BB121AAD01}</UniqueIdentifier>
      <Extensions>qrc;rc;ico;cur;bmp;dlg;rc2;rct;bin;rgs;gif;jpg;jpeg;jpe;resx;tiff;tif;png;wav;mfcribbon-ms</Extensions>
    </Filter>
    <Filter Include="core">
      <UniqueIdentifier>{1C0B8D1F-6F7D-4D65-B7E6-7F1D0D1CFA0A}</UniqueIdentifier>
    </Filter>
    <Filter Include="contributor">
      <UniqueIdentifier>{9CD049C3-2670-4A8B-9274-10A0BEBA3028}</UniqueIdentifier>
    </Filter>
    <Filter Include="controllers">
      <UniqueIdentifier>{4C5AD050-5C91-44F9-9D7B-6B9D2D4D310E}</UniqueIdentifier>
    </Filter>
    <Filter Include="ui">
      <UniqueIdentifier>{6D5A7D60-9C7F-4E9E-B2B1-AD5F5E24D8BA}</UniqueIdentifier>
    </Filter>
    <Filter Include="renderers">
      <UniqueIdentifier>{A2D9F7D2-AD6A-4D1E-9E1F-52176B67DC2B}</UniqueIdentifier>
    </Filter>
    <Filter Include="generation">
      <UniqueIdentifier>{0F9D2056-2406-4B45-9EDE-5A8E2F3B2FBC}</UniqueIdentifier>
    </Filter>
    <Filter Include="generation\MeshGenerators">
      <UniqueIdentifier>{ACF2E18C-1BF3-4D0A-9D89-2DD1D0E80F2B}</UniqueIdentifier>
    </Filter>
    <Filter Include="model">
      <UniqueIdentifier>{CB7F9A11-ED4F-4E1C-9A69-9D8C0D6C7E22}</UniqueIdentifier>
    </Filter>
    <Filter Include="resources">
      <UniqueIdentifier>{4B660D4E-5C18-468F-AC33-DC0A5C641125}</UniqueIdentifier>
    </Filter>
    <Filter Include="tools">
      <UniqueIdentifier>{A1D8B7BA-57E7-4D5E-B099-1E4A1CDBB361}</UniqueIdentifier>
    </Filter>
    <Filter Include="tools\converters">
      <UniqueIdentifier>{99bd33bc-903b-468c-91e6-ce15f19cd9e9}</UniqueIdentifier>
    </Filter>
    <Filter Include="ECS">
      <UniqueIdentifier>{0e25f6f5-2a9f-4f6f-9e05-0e7c1b9e8d42}</UniqueIdentifier>
    </Filter>
    <Filter Include="scene">
      <UniqueIdentifier>{4f6fe7fd-5d6b-44ac-bd33-3b2397333bc8}</UniqueIdentifier>
    </Filter>
    <Filter Include="docs">
      <UniqueIdentifier>{abf60fe6-6894-4c35-80cc-3ec33692449e}</UniqueIdentifier>
    </Filter>
    <Filter Include="tests">
      <UniqueIdentifier>{66922ee6-bff0-415e-996a-f4b02002e8e4}</UniqueIdentifier>
    </Filter>
    <Filter Include="dag">
      <UniqueIdentifier>{6A5F233F-F1A3-4F65-9671-5B3435B61A59}</UniqueIdentifier>
    </Filter>
    <Filter Include="ProcessDAG">
      <UniqueIdentifier>{2D8102F4-B3EA-4BFD-940C-B01C1F5E9225}</UniqueIdentifier>
    </Filter>
    <Filter Include="ProcessDAG\boundary">
      <UniqueIdentifier>{56FE4F77-C3B1-42A2-9CE0-FD164BAF5820}</UniqueIdentifier>
    </Filter>
    <Filter Include="ProcessDAG\core">
      <UniqueIdentifier>{0D7B611D-4D65-4A89-A758-E17110AE1680}</UniqueIdentifier>
    </Filter>
    <Filter Include="ProcessDAG\DAG">
      <UniqueIdentifier>{8245E20C-BA2E-4BF4-BCE8-7901780F6588}</UniqueIdentifier>
    </Filter>
    <Filter Include="ProcessDAG\include">
      <UniqueIdentifier>{D883E0D9-B293-4A65-8A09-11D8C051B9AA}</UniqueIdentifier>
    </Filter>
    <Filter Include="ProcessDAG\include\proc">
      <UniqueIdentifier>{6834F100-F38D-4C3C-B3D1-410A53F04C39}</UniqueIdentifier>
    </Filter>
    <Filter Include="ProcessDAG\proc">
      <UniqueIdentifier>{E20C0472-7567-4218-BE26-B299D3A64A1D}</UniqueIdentifier>
    </Filter>
  </ItemGroup>
  <ItemGroup>
    <QtRcc Include="resources\Planet.qrc">
      <Filter>Resource Files</Filter>
    </QtRcc>
  </ItemGroup>
  <ItemGroup>
    <ClCompile Include="core\main.cpp">
      <Filter>core</Filter>
    </ClCompile>
    <ClCompile Include="contributor\ContributorAsset.cpp">
      <Filter>contributor</Filter>
    </ClCompile>
    <ClCompile Include="dag\DagTerrainBackend.cpp">
      <Filter>dag</Filter>
    </ClCompile>
    <ClCompile Include="dag\TerrainDagPipeline.cpp">
      <Filter>dag</Filter>
    </ClCompile>
    <ClCompile Include="dag\ProcessDagSmoke.cpp">
      <Filter>dag</Filter>
    </ClCompile>
    <ClCompile Include="third_party\ProcessDAG\proc\Proc.ixx">
      <Filter>ProcessDAG\proc</Filter>
    </ClCompile>
    <ClCompile Include="third_party\ProcessDAG\proc\Proc.Core.ixx">
      <Filter>ProcessDAG\proc</Filter>
    </ClCompile>
    <ClCompile Include="third_party\ProcessDAG\proc\Proc.Schema.ixx">
      <Filter>ProcessDAG\proc</Filter>
    </ClCompile>
    <ClCompile Include="third_party\ProcessDAG\core\DataSpecV2.cpp">
      <Filter>ProcessDAG\core</Filter>
    </ClCompile>
    <ClCompile Include="third_party\ProcessDAG\core\NodeFactory.cpp">
      <Filter>ProcessDAG\core</Filter>
    </ClCompile>
    <ClCompile Include="third_party\ProcessDAG\DAG\Commit.cpp">
      <Filter>ProcessDAG\DAG</Filter>
    </ClCompile>
    <ClCompile Include="third_party\ProcessDAG\DAG\DagEngine.cpp">
      <Filter>ProcessDAG\DAG</Filter>
    </ClCompile>
    <ClCompile Include="third_party\ProcessDAG\proc\Proc.Logging.ixx">
      <Filter>ProcessDAG\proc</Filter>
    </ClCompile>
    <ClCompile Include="third_party\ProcessDAG\boundary\Logger.cpp">
      <Filter>ProcessDAG\boundary</Filter>
    </ClCompile>
    <ClCompile Include="third_party\ProcessDAG\proc\Proc.FileSchema.ixx">
      <Filter>ProcessDAG\proc</Filter>
    </ClCompile>
    <ClCompile Include="third_party\ProcessDAG\proc\Proc.Scenario.ixx">
      <Filter>ProcessDAG\proc</Filter>
    </ClCompile>
    <ClCompile Include="third_party\ProcessDAG\boundary\ScenarioReader.cpp">
      <Filter>ProcessDAG\boundary</Filter>
    </ClCompile>
    <ClCompile Include="controllers\CameraController.cpp">
      <Filter>controllers</Filter>
    </ClCompile>
    <ClCompile Include="controllers\HexSphereSceneController.cpp">
      <Filter>controllers</Filter>
    </ClCompile>
    <ClCompile Include="controllers\InputController.cpp">
      <Filter>controllers</Filter>
    </ClCompile>
    <ClCompile Include="controllers\PathBuilder.cpp">
      <Filter>controllers</Filter>
    </ClCompile>
    <ClCompile Include="generation\ClimateBiomeGenerator.cpp">
      <Filter>generation</Filter>
    </ClCompile>
    <ClCompile Include="generation\PerlinNoise.cpp">
      <Filter>generation</Filter>
    </ClCompile>
    <ClCompile Include="generation\TerrainGenerator.cpp">
      <Filter>generation</Filter>
    </ClCompile>
    <ClCompile Include="generation\MeshGenerators\SelectionOutlineGenerator.cpp">
      <Filter>generation\MeshGenerators</Filter>
    </ClCompile>
    <ClCompile Include="renderers\TerrainVisibility.cpp">
      <Filter>renderers</Filter>
    </ClCompile>
    <ClCompile Include="generation\MeshGenerators\TerrainMeshGenerator.cpp">
      <Filter>generation\MeshGenerators</Filter>
    </ClCompile>
    <ClCompile Include="generation\MeshGenerators\WaterMeshGenerator.cpp">
      <Filter>generation\MeshGenerators</Filter>
    </ClCompile>
    <ClCompile Include="generation\MeshGenerators\WireMeshGenerator.cpp">
      <Filter>generation\MeshGenerators</Filter>
    </ClCompile>
    <ClCompile Include="model\CarModelHandler.cpp">
      <Filter>model</Filter>
    </ClCompile>
    <ClCompile Include="model\HexSphereModel.cpp">
      <Filter>model</Filter>
    </ClCompile>
    <ClCompile Include="model\ModelHandler.cpp">
      <Filter>model</Filter>
    </ClCompile>
    <ClCompile Include="renderers\EntityRenderer.cpp">
      <Filter>renderers</Filter>
    </ClCompile>
    <ClCompile Include="renderers\HexSphereRenderer.cpp">
      <Filter>renderers</Filter>
    </ClCompile>
    <ClCompile Include="renderers\TerrainRenderer.cpp">
      <Filter>renderers</Filter>
    </ClCompile>
    <ClCompile Include="renderers\TerrainTessellator.cpp">
      <Filter>renderers</Filter>
    </ClCompile>
    <ClCompile Include="renderers\WaterRenderer.cpp">
      <Filter>renderers</Filter>
    </ClCompile>
    <ClCompile Include="ui\HexSphereWidget.cpp">
      <Filter>ui</Filter>
    </ClCompile>
    <ClCompile Include="ui\MainWindow.cpp">
      <Filter>ui</Filter>
    </ClCompile>
    <ClCompile Include="ui\OverlayRenderer.cpp">
      <Filter>ui</Filter>
    </ClCompile>
    <ClCompile Include="ui\PerformanceStats.cpp">
      <Filter>ui</Filter>
    </ClCompile>
    <ClCompile Include="ui\PlanetSettingsPanel.cpp">
      <Filter>ui</Filter>
    </ClCompile>
    <ClCompile Include="ECS\ComponentStorage.cpp">
      <Filter>ECS</Filter>
    </ClCompile>
    <ClCompile Include="scene\Entity.cpp">
      <Filter>scene</Filter>
    </ClCompile>
    <ClCompile Include="scene\SceneGraph.cpp">
      <Filter>scene</Filter>
    </ClCompile>
    <ClCompile Include="dag\DataAdapters.cpp">
      <Filter>dag</Filter>
    </ClCompile>
    <ClCompile Include="tools\model_cache_test.cpp">
      <Filter>tools</Filter>
    </ClCompile>
    <ClCompile Include="model\OreSystem.cpp">
      <Filter>model</Filter>
    </ClCompile>
    <ClCompile Include="dag\EngineFacade.cpp">
      <Filter>dag</Filter>
    </ClCompile>
    <ClCompile Include="dag\LegacyTerrainBackend.cpp">
      <Filter>dag</Filter>
    </ClCompile>
  </ItemGroup>
  <ItemGroup>
    <ClInclude Include="core\AppViewConfig.h">
      <Filter>core</Filter>
    </ClInclude>
    <ClInclude Include="contributor\ContributorAsset.h">
      <Filter>contributor</Filter>
    </ClInclude>
    <ClInclude Include="controllers\CameraController.h">
      <Filter>controllers</Filter>
    </ClInclude>
    <ClInclude Include="controllers\HexSphereSceneController.h">
      <Filter>controllers</Filter>
    </ClInclude>
    <ClInclude Include="controllers\InputController.h">
      <Filter>controllers</Filter>
    </ClInclude>
    <ClInclude Include="controllers\PathBuilder.h">
      <Filter>controllers</Filter>
    </ClInclude>
    <ClInclude Include="dag\DagTerrainBackend.h">
      <Filter>dag</Filter>
    </ClInclude>
    <ClInclude Include="dag\TerrainDagPipeline.h">
      <Filter>dag</Filter>
    </ClInclude>
    <ClInclude Include="generation\ClimateBiomeGenerator.h">
      <Filter>generation</Filter>
    </ClInclude>
    <ClInclude Include="generation\PerlinNoise.h">
      <Filter>generation</Filter>
    </ClInclude>
    <ClInclude Include="generation\TerrainGenerator.h">
      <Filter>generation</Filter>
    </ClInclude>
    <ClInclude Include="generation\MeshGenerators\SelectionOutlineGenerator.h">
      <Filter>generation\MeshGenerators</Filter>
    </ClInclude>
    <ClInclude Include="generation\MeshGenerators\TerrainMeshPolicy.h">
      <Filter>generation\MeshGenerators</Filter>
    </ClInclude>
    <ClInclude Include="generation\MeshGenerators\TerrainMeshGenerator.h">
      <Filter>generation\MeshGenerators</Filter>
    </ClInclude>
    <ClInclude Include="generation\MeshGenerators\WaterMeshGenerator.h">
      <Filter>generation\MeshGenerators</Filter>
    </ClInclude>
    <ClInclude Include="generation\MeshGenerators\WireMeshGenerator.h">
      <Filter>generation\MeshGenerators</Filter>
    </ClInclude>
    <ClInclude Include="model\CarModelHandler.h">
      <Filter>model</Filter>
    </ClInclude>
    <ClInclude Include="model\DebugModel.h">
      <Filter>model</Filter>
    </ClInclude>
    <ClInclude Include="model\HexSphereModel.h">
      <Filter>model</Filter>
    </ClInclude>
    <ClInclude Include="model\ModelHandler.h">
      <Filter>model</Filter>
    </ClInclude>
    <ClInclude Include="model\SceneEntity.h">
      <Filter>model</Filter>
    </ClInclude>
    <ClInclude Include="model\SurfacePlacement.h">
      <Filter>model</Filter>
    </ClInclude>
    <ClInclude Include="model\simple3d_parser.hpp">
      <Filter>model</Filter>
    </ClInclude>
    <ClInclude Include="renderers\EntityRenderer.h">
      <Filter>renderers</Filter>
    </ClInclude>
    <ClInclude Include="renderers\HexSphereRenderer.h">
      <Filter>renderers</Filter>
    </ClInclude>
    <ClInclude Include="renderers\TerrainVisibility.h">
      <Filter>renderers</Filter>
    </ClInclude>
    <ClInclude Include="renderers\TerrainRenderer.h">
      <Filter>renderers</Filter>
    </ClInclude>
    <ClInclude Include="renderers\TerrainTessellator.h">
      <Filter>renderers</Filter>
    </ClInclude>
    <ClInclude Include="renderers\WaterRenderer.h">
      <Filter>renderers</Filter>
    </ClInclude>
    <ClInclude Include="ui\HexSphereWidget.h">
      <Filter>ui</Filter>
    </ClInclude>
    <ClInclude Include="ui\MainWindow.h">
      <Filter>ui</Filter>
    </ClInclude>
    <ClInclude Include="ui\OverlayRenderer.h">
      <Filter>ui</Filter>
    </ClInclude>
    <ClInclude Include="ui\PerformanceStats.h">
      <Filter>ui</Filter>
    </ClInclude>
    <ClInclude Include="ui\PlanetSettingsPanel.h">
      <Filter>ui</Filter>
    </ClInclude>
    <ClInclude Include="ECS\Collider.h">
      <Filter>ECS</Filter>
    </ClInclude>
    <ClInclude Include="ECS\ComponentStorage.h">
      <Filter>ECS</Filter>
    </ClInclude>
    <ClInclude Include="ECS\Entity.h">
      <Filter>ECS</Filter>
    </ClInclude>
    <ClInclude Include="ECS\Material.h">
      <Filter>ECS</Filter>
    </ClInclude>
    <ClInclude Include="ECS\Mesh.h">
      <Filter>ECS</Filter>
    </ClInclude>
    <ClInclude Include="ECS\Script.h">
      <Filter>ECS</Filter>
    </ClInclude>
    <ClInclude Include="ECS\Transform.h">
      <Filter>ECS</Filter>
    </ClInclude>
    <ClInclude Include="scene\Entity.h">
      <Filter>scene</Filter>
    </ClInclude>
    <ClInclude Include="scene\Interaction.h">
      <Filter>scene</Filter>
    </ClInclude>
    <ClInclude Include="scene\SceneGraph.h">
      <Filter>scene</Filter>
    </ClInclude>
    <ClInclude Include="scene\Transform.h">
      <Filter>scene</Filter>
    </ClInclude>
    <ClInclude Include="dag\DataAdapters.h">
      <Filter>dag</Filter>
    </ClInclude>
    <ClInclude Include="dag\TerrainDagPayloadStore.h">
      <Filter>dag</Filter>
    </ClInclude>
    <ClInclude Include="third_party\ProcessDAG\include\proc\ProcessDag.h">
      <Filter>ProcessDAG\include\proc</Filter>
    </ClInclude>
    <ClInclude Include="third_party\ProcessDAG\include\proc\Schema.h">
      <Filter>ProcessDAG\include\proc</Filter>
    </ClInclude>
    <ClInclude Include="third_party\ProcessDAG\include\proc\Logging.h">
      <Filter>ProcessDAG\include\proc</Filter>
    </ClInclude>
    <ClInclude Include="third_party\ProcessDAG\include\proc\FileSchema.h">
      <Filter>ProcessDAG\include\proc</Filter>
    </ClInclude>
    <ClInclude Include="third_party\ProcessDAG\include\proc\ScenarioReader.h">
      <Filter>ProcessDAG\include\proc</Filter>
    </ClInclude>
    <ClInclude Include="third_party\ProcessDAG\core\BuiltinRegistries.h">
      <Filter>ProcessDAG\core</Filter>
    </ClInclude>
    <ClInclude Include="third_party\ProcessDAG\core\GraphSchema.h">
      <Filter>ProcessDAG\core</Filter>
    </ClInclude>
    <ClInclude Include="third_party\ProcessDAG\core\GraphSchemaCompile.h">
      <Filter>ProcessDAG\core</Filter>
    </ClInclude>
    <ClInclude Include="third_party\ProcessDAG\core\NodeFactory.h">
      <Filter>ProcessDAG\core</Filter>
    </ClInclude>
    <ClInclude Include="third_party\ProcessDAG\core\SpecBinding.h">
      <Filter>ProcessDAG\core</Filter>
    </ClInclude>
    <ClInclude Include="third_party\ProcessDAG\DAG\Commit.h">
      <Filter>ProcessDAG\DAG</Filter>
    </ClInclude>
    <ClInclude Include="third_party\ProcessDAG\DAG\CoreV2.h">
      <Filter>ProcessDAG\DAG</Filter>
    </ClInclude>
    <ClInclude Include="third_party\ProcessDAG\DAG\DagEngine.h">
      <Filter>ProcessDAG\DAG</Filter>
    </ClInclude>
    <ClInclude Include="third_party\ProcessDAG\DAG\DagEngine.inl">
      <Filter>ProcessDAG\DAG</Filter>
    </ClInclude>
    <ClInclude Include="third_party\ProcessDAG\DAG\DagStorage.h">
      <Filter>ProcessDAG\DAG</Filter>
    </ClInclude>
    <ClInclude Include="third_party\ProcessDAG\DAG\Executor.h">
      <Filter>ProcessDAG\DAG</Filter>
    </ClInclude>
    <ClInclude Include="third_party\ProcessDAG\DAG\LayeredState.h">
      <Filter>ProcessDAG\DAG</Filter>
    </ClInclude>
    <ClInclude Include="third_party\ProcessDAG\DAG\MemoryPolicy.h">
      <Filter>ProcessDAG\DAG</Filter>
    </ClInclude>
    <ClInclude Include="third_party\ProcessDAG\DAG\Planner.h">
      <Filter>ProcessDAG\DAG</Filter>
    </ClInclude>
    <ClInclude Include="third_party\ProcessDAG\DAG\PortStates.h">
      <Filter>ProcessDAG\DAG</Filter>
    </ClInclude>
    <ClInclude Include="third_party\ProcessDAG\DAG\ProcTypes.h">
      <Filter>ProcessDAG\DAG</Filter>
    </ClInclude>
    <ClInclude Include="third_party\ProcessDAG\DAG\RuntimeOperationRegistry.h">
      <Filter>ProcessDAG\DAG</Filter>
    </ClInclude>
    <ClInclude Include="third_party\ProcessDAG\DAG\StateTypes.h">
      <Filter>ProcessDAG\DAG</Filter>
    </ClInclude>
    <ClInclude Include="third_party\ProcessDAG\DAG\StoreTypes.h">
      <Filter>ProcessDAG\DAG</Filter>
    </ClInclude>
    <ClInclude Include="model\OreSystem.h">
      <Filter>model</Filter>
    </ClInclude>
    <ClInclude Include="dag\DebugOverlay.h">
      <Filter>dag</Filter>
    </ClInclude>
    <ClInclude Include="dag\EngineFacade.h">
      <Filter>dag</Filter>
    </ClInclude>
    <ClInclude Include="dag\LegacyTerrainBackend.h">
      <Filter>dag</Filter>
    </ClInclude>
    <ClInclude Include="dag\TerrainBackendContract.h">
      <Filter>dag</Filter>
    </ClInclude>
    <ClInclude Include="dag\TerrainBackendSelector.h">
      <Filter>dag</Filter>
    </ClInclude>
    <ClInclude Include="dag\TerrainBackendTypes.h">
      <Filter>dag</Filter>
    </ClInclude>
  </ItemGroup>
  <ItemGroup>
    <None Include="resources\HexSphereWidget_shaders.h">
      <Filter>resources</Filter>
    </None>
    <None Include="docs\rendering_refactor_task.md">
      <Filter>docs</Filter>
    </None>
    <None Include="trunsuction_plan.md">
      <Filter>docs</Filter>
    </None>
    <None Include="third_party\ProcessDAG\ProcessDag.Embedded.props">
      <Filter>ProcessDAG\proc</Filter>
    </None>
  </ItemGroup>
  <ItemGroup>
    <QtMoc Include="ui\HexSphereWidget.h" />
    <QtMoc Include="ui\MainWindow.h" />
    <QtMoc Include="ui\PlanetSettingsPanel.h" />
  </ItemGroup>
</Project>
